
Microsoft Visual Studio Solution File, Format Version 12.00
# Visual Studio Version 17
VisualStudioVersion = 17.5.002.0
MinimumVisualStudioVersion = 10.0.40219.1
Project("{9A19103F-16F7-4668-BE54-9A1E7A4F7556}") = "OPValiderare", "OPValiderare.csproj", "{D7CEE655-5C5E-4C76-8A71-5B6A6A436CE7}"
EndProject
Global
	GlobalSection(SolutionConfigurationPlatforms) = preSolution
		Debug|Any CPU = Debug|Any CPU
		Release|Any CPU = Release|Any CPU
	EndGlobalSection
	GlobalSection(ProjectConfigurationPlatforms) = postSolution
		{D7CEE655-5C5E-4C76-8A71-5B6A6A436CE7}.Debug|Any CPU.ActiveCfg = Debug|Any CPU
		{D7CEE655-5C5E-4C76-8A71-5B6A6A436CE7}.Debug|Any CPU.Build.0 = Debug|Any CPU
		{D7CEE655-5C5E-4C76-8A71-5B6A6A436CE7}.Release|Any CPU.ActiveCfg = Release|Any CPU
		{D7CEE655-5C5E-4C76-8A71-5B6A6A436CE7}.Release|Any CPU.Build.0 = Release|Any CPU
	EndGlobalSection
	GlobalSection(SolutionProperties) = preSolution
		HideSolutionNode = FALSE
	EndGlobalSection
	GlobalSection(ExtensibilityGlobals) = postSolution
		SolutionGuid = {EC984AE8-5579-4486-88E5-086C8504846B}
	EndGlobalSection
EndGlobal
